
Microsoft Visual Studio Solution File, Format Version 12.00
# Visual Studio Version 17
VisualStudioVersion = 17.4.33213.308
MinimumVisualStudioVersion = 10.0.40219.1
Project("{FAE04EC0-301F-11D3-BF4B-00C04F79EFBC}") = "CA3_S00242123", "CA3_S00242123.csproj", "{A5971607-8565-4A21-8B40-C662F26C5C19}"
EndProject
Global
	GlobalSection(SolutionConfigurationPlatforms) = preSolution
		Debug|Any CPU = Debug|Any CPU
		Release|Any CPU = Release|Any CPU
	EndGlobalSection
	GlobalSection(ProjectConfigurationPlatforms) = postSolution
		{A5971607-8565-4A21-8B40-C662F26C5C19}.Debug|Any CPU.ActiveCfg = Debug|Any CPU
		{A5971607-8565-4A21-8B40-C662F26C5C19}.Debug|Any CPU.Build.0 = Debug|Any CPU
		{A5971607-8565-4A21-8B40-C662F26C5C19}.Release|Any CPU.ActiveCfg = Release|Any CPU
		{A5971607-8565-4A21-8B40-C662F26C5C19}.Release|Any CPU.Build.0 = Release|Any CPU
	EndGlobalSection
	GlobalSection(SolutionProperties) = preSolution
		HideSolutionNode = FALSE
	EndGlobalSection
	GlobalSection(ExtensibilityGlobals) = postSolution
		SolutionGuid = {54ED0177-FF93-4F3B-8963-14CAEF278600}
	EndGlobalSection
EndGlobal
